// !$*UTF8*$!
{
	archiveVersion = 1;
	classes = {
	};
	objectVersion = 50;
	objects = {

/* Begin PBXBuildFile section */
		DE2F115A2538DB680067A7B4 /* AppDelegate.swift in Sources */ = {isa = PBXBuildFile; fileRef = DE2F11592538DB680067A7B4 /* AppDelegate.swift */; };
		DE2F115C2538DB680067A7B4 /* SceneDelegate.swift in Sources */ = {isa = PBXBuildFile; fileRef = DE2F115B2538DB680067A7B4 /* SceneDelegate.swift */; };
		DE2F11612538DB680067A7B4 /* Main.storyboard in Resources */ = {isa = PBXBuildFile; fileRef = DE2F115F2538DB680067A7B4 /* Main.storyboard */; };
		DE2F11632538DB6C0067A7B4 /* Assets.xcassets in Resources */ = {isa = PBXBuildFile; fileRef = DE2F11622538DB6C0067A7B4 /* Assets.xcassets */; };
		DE2F11662538DB6C0067A7B4 /* LaunchScreen.storyboard in Resources */ = {isa = PBXBuildFile; fileRef = DE2F11642538DB6C0067A7B4 /* LaunchScreen.storyboard */; };
		DE2F11712538DB6D0067A7B4 /* Space_SecurityTests.swift in Sources */ = {isa = PBXBuildFile; fileRef = DE2F11702538DB6D0067A7B4 /* Space_SecurityTests.swift */; };
		DE2F117C2538DB6D0067A7B4 /* Space_SecurityUITests.swift in Sources */ = {isa = PBXBuildFile; fileRef = DE2F117B2538DB6D0067A7B4 /* Space_SecurityUITests.swift */; };
		DEDF1542253E628C00477F7C /* connection.swift in Sources */ = {isa = PBXBuildFile; fileRef = DEDF1541253E628C00477F7C /* connection.swift */; };
		DEDF157B253EA58100477F7C /* MyTableViewCell.swift in Sources */ = {isa = PBXBuildFile; fileRef = DEDF1579253EA58100477F7C /* MyTableViewCell.swift */; };
		DEDF157C253EA58100477F7C /* MyTableViewCell.xib in Resources */ = {isa = PBXBuildFile; fileRef = DEDF157A253EA58100477F7C /* MyTableViewCell.xib */; };
		DEDF1585253EB97700477F7C /* History.swift in Sources */ = {isa = PBXBuildFile; fileRef = DEDF1583253EB97700477F7C /* History.swift */; };
		DEDF1586253EB97700477F7C /* History.xib in Resources */ = {isa = PBXBuildFile; fileRef = DEDF1584253EB97700477F7C /* History.xib */; };
		DEDF158B253EB9AE00477F7C /* HistoryController.swift in Sources */ = {isa = PBXBuildFile; fileRef = DEDF158A253EB9AE00477F7C /* HistoryController.swift */; };
		DEDF1590253ECD1E00477F7C /* ViewController.swift in Sources */ = {isa = PBXBuildFile; fileRef = DEDF158F253ECD1E00477F7C /* ViewController.swift */; };
		DEDF1595253EF47400477F7C /* 2ajI3vUKG-Q-2.jpg in Resources */ = {isa = PBXBuildFile; fileRef = DEDF1594253EF47300477F7C /* 2ajI3vUKG-Q-2.jpg */; };
/* End PBXBuildFile section */

/* Begin PBXContainerItemProxy section */
		DE2F116D2538DB6D0067A7B4 /* PBXContainerItemProxy */ = {
			isa = PBXContainerItemProxy;
			containerPortal = DE2F114E2538DB680067A7B4 /* Project object */;
			proxyType = 1;
			remoteGlobalIDString = DE2F11552538DB680067A7B4;
			remoteInfo = "Space Security";
		};
		DE2F11782538DB6D0067A7B4 /* PBXContainerItemProxy */ = {
			isa = PBXContainerItemProxy;
			containerPortal = DE2F114E2538DB680067A7B4 /* Project object */;
			proxyType = 1;
			remoteGlobalIDString = DE2F11552538DB680067A7B4;
			remoteInfo = "Space Security";
		};
/* End PBXContainerItemProxy section */

/* Begin PBXFileReference section */
		DE2F11562538DB680067A7B4 /* Space Security.app */ = {isa = PBXFileReference; explicitFileType = wrapper.application; includeInIndex = 0; path = "Space Security.app"; sourceTree = BUILT_PRODUCTS_DIR; };
		DE2F11592538DB680067A7B4 /* AppDelegate.swift */ = {isa = PBXFileReference; lastKnownFileType = sourcecode.swift; path = AppDelegate.swift; sourceTree = "<group>"; };
		DE2F115B2538DB680067A7B4 /* SceneDelegate.swift */ = {isa = PBXFileReference; lastKnownFileType = sourcecode.swift; path = SceneDelegate.swift; sourceTree = "<group>"; };
		DE2F11602538DB680067A7B4 /* Base */ = {isa = PBXFileReference; lastKnownFileType = file.storyboard; name = Base; path = Base.lproj/Main.storyboard; sourceTree = "<group>"; };
		DE2F11622538DB6C0067A7B4 /* Assets.xcassets */ = {isa = PBXFileReference; lastKnownFileType = folder.assetcatalog; path = Assets.xcassets; sourceTree = "<group>"; };
		DE2F11652538DB6C0067A7B4 /* Base */ = {isa = PBXFileReference; lastKnownFileType = file.storyboard; name = Base; path = Base.lproj/LaunchScreen.storyboard; sourceTree = "<group>"; };
		DE2F11672538DB6C0067A7B4 /* Info.plist */ = {isa = PBXFileReference; lastKnownFileType = text.plist.xml; path = Info.plist; sourceTree = "<group>"; };
		DE2F116C2538DB6D0067A7B4 /* Space SecurityTests.xctest */ = {isa = PBXFileReference; explicitFileType = wrapper.cfbundle; includeInIndex = 0; path = "Space SecurityTests.xctest"; sourceTree = BUILT_PRODUCTS_DIR; };
		DE2F11702538DB6D0067A7B4 /* Space_SecurityTests.swift */ = {isa = PBXFileReference; lastKnownFileType = sourcecode.swift; path = Space_SecurityTests.swift; sourceTree = "<group>"; };
		DE2F11722538DB6D0067A7B4 /* Info.plist */ = {isa = PBXFileReference; lastKnownFileType = text.plist.xml; path = Info.plist; sourceTree = "<group>"; };
		DE2F11772538DB6D0067A7B4 /* Space SecurityUITests.xctest */ = {isa = PBXFileReference; explicitFileType = wrapper.cfbundle; includeInIndex = 0; path = "Space SecurityUITests.xctest"; sourceTree = BUILT_PRODUCTS_DIR; };
		DE2F117B2538DB6D0067A7B4 /* Space_SecurityUITests.swift */ = {isa = PBXFileReference; lastKnownFileType = sourcecode.swift; path = Space_SecurityUITests.swift; sourceTree = "<group>"; };
		DE2F117D2538DB6D0067A7B4 /* Info.plist */ = {isa = PBXFileReference; lastKnownFileType = text.plist.xml; path = Info.plist; sourceTree = "<group>"; };
		DEDF1541253E628C00477F7C /* connection.swift */ = {isa = PBXFileReference; lastKnownFileType = sourcecode.swift; path = connection.swift; sourceTree = "<group>"; };
		DEDF1579253EA58100477F7C /* MyTableViewCell.swift */ = {isa = PBXFileReference; lastKnownFileType = sourcecode.swift; path = MyTableViewCell.swift; sourceTree = "<group>"; };
		DEDF157A253EA58100477F7C /* MyTableViewCell.xib */ = {isa = PBXFileReference; lastKnownFileType = file.xib; path = MyTableViewCell.xib; sourceTree = "<group>"; };
		DEDF1583253EB97700477F7C /* History.swift */ = {isa = PBXFileReference; lastKnownFileType = sourcecode.swift; path = History.swift; sourceTree = "<group>"; };
		DEDF1584253EB97700477F7C /* History.xib */ = {isa = PBXFileReference; lastKnownFileType = file.xib; path = History.xib; sourceTree = "<group>"; };
		DEDF158A253EB9AE00477F7C /* HistoryController.swift */ = {isa = PBXFileReference; lastKnownFileType = sourcecode.swift; path = HistoryController.swift; sourceTree = "<group>"; };
		DEDF158F253ECD1E00477F7C /* ViewController.swift */ = {isa = PBXFileReference; lastKnownFileType = sourcecode.swift; path = ViewController.swift; sourceTree = "<group>"; };
		DEDF1594253EF47300477F7C /* 2ajI3vUKG-Q-2.jpg */ = {isa = PBXFileReference; lastKnownFileType = image.jpeg; name = "2ajI3vUKG-Q-2.jpg"; path = "../../../Downloads/2ajI3vUKG-Q-2.jpg"; sourceTree = "<group>"; };
/* End PBXFileReference section */

/* Begin PBXFrameworksBuildPhase section */
		DE2F11532538DB680067A7B4 /* Frameworks */ = {
			isa = PBXFrameworksBuildPhase;
			buildActionMask = 2147483647;
			files = (
			);
			runOnlyForDeploymentPostprocessing = 0;
		};
		DE2F11692538DB6D0067A7B4 /* Frameworks */ = {
			isa = PBXFrameworksBuildPhase;
			buildActionMask = 2147483647;
			files = (
			);
			runOnlyForDeploymentPostprocessing = 0;
		};
		DE2F11742538DB6D0067A7B4 /* Frameworks */ = {
			isa = PBXFrameworksBuildPhase;
			buildActionMask = 2147483647;
			files = (
			);
			runOnlyForDeploymentPostprocessing = 0;
		};
/* End PBXFrameworksBuildPhase section */

/* Begin PBXGroup section */
		DE2F114D2538DB680067A7B4 = {
			isa = PBXGroup;
			children = (
				DE2F11582538DB680067A7B4 /* Space Security */,
				DE2F116F2538DB6D0067A7B4 /* Space SecurityTests */,
				DE2F117A2538DB6D0067A7B4 /* Space SecurityUITests */,
				DE2F11572538DB680067A7B4 /* Products */,
			);
			sourceTree = "<group>";
		};
		DE2F11572538DB680067A7B4 /* Products */ = {
			isa = PBXGroup;
			children = (
				DE2F11562538DB680067A7B4 /* Space Security.app */,
				DE2F116C2538DB6D0067A7B4 /* Space SecurityTests.xctest */,
				DE2F11772538DB6D0067A7B4 /* Space SecurityUITests.xctest */,
			);
			name = Products;
			sourceTree = "<group>";
		};
		DE2F11582538DB680067A7B4 /* Space Security */ = {
			isa = PBXGroup;
			children = (
				DE2F11592538DB680067A7B4 /* AppDelegate.swift */,
				DE2F115B2538DB680067A7B4 /* SceneDelegate.swift */,
				DE2F115F2538DB680067A7B4 /* Main.storyboard */,
				DEDF1541253E628C00477F7C /* connection.swift */,
				DEDF1583253EB97700477F7C /* History.swift */,
				DEDF158A253EB9AE00477F7C /* HistoryController.swift */,
				DEDF1584253EB97700477F7C /* History.xib */,
				DE2F11622538DB6C0067A7B4 /* Assets.xcassets */,
				DE2F11642538DB6C0067A7B4 /* LaunchScreen.storyboard */,
				DEDF1594253EF47300477F7C /* 2ajI3vUKG-Q-2.jpg */,
				DE2F11672538DB6C0067A7B4 /* Info.plist */,
				DEDF1579253EA58100477F7C /* MyTableViewCell.swift */,
				DEDF157A253EA58100477F7C /* MyTableViewCell.xib */,
				DEDF158F253ECD1E00477F7C /* ViewController.swift */,
			);
			path = "Space Security";
			sourceTree = "<group>";
		};
		DE2F116F2538DB6D0067A7B4 /* Space SecurityTests */ = {
			isa = PBXGroup;
			children = (
				DE2F11702538DB6D0067A7B4 /* Space_SecurityTests.swift */,
				DE2F11722538DB6D0067A7B4 /* Info.plist */,
			);
			path = "Space SecurityTests";
			sourceTree = "<group>";
		};
		DE2F117A2538DB6D0067A7B4 /* Space SecurityUITests */ = {
			isa = PBXGroup;
			children = (
				DE2F117B2538DB6D0067A7B4 /* Space_SecurityUITests.swift */,
				DE2F117D2538DB6D0067A7B4 /* Info.plist */,
			);
			path = "Space SecurityUITests";
			sourceTree = "<group>";
		};
/* End PBXGroup section */

/* Begin PBXNativeTarget section */
		DE2F11552538DB680067A7B4 /* Space Security */ = {
			isa = PBXNativeTarget;
			buildConfigurationList = DE2F11802538DB6D0067A7B4 /* Build configuration list for PBXNativeTarget "Space Security" */;
			buildPhases = (
				DE2F11522538DB680067A7B4 /* Sources */,
				DE2F11532538DB680067A7B4 /* Frameworks */,
				DE2F11542538DB680067A7B4 /* Resources */,
			);
			buildRules = (
			);
			dependencies = (
			);
			name = "Space Security";
			productName = "Space Security";
			productReference = DE2F11562538DB680067A7B4 /* Space Security.app */;
			productType = "com.apple.product-type.application";
		};
		DE2F116B2538DB6D0067A7B4 /* Space SecurityTests */ = {
			isa = PBXNativeTarget;
			buildConfigurationList = DE2F11832538DB6D0067A7B4 /* Build configuration list for PBXNativeTarget "Space SecurityTests" */;
			buildPhases = (
				DE2F11682538DB6D0067A7B4 /* Sources */,
				DE2F11692538DB6D0067A7B4 /* Frameworks */,
				DE2F116A2538DB6D0067A7B4 /* Resources */,
			);
			buildRules = (
			);
			dependencies = (
				DE2F116E2538DB6D0067A7B4 /* PBXTargetDependency */,
			);
			name = "Space SecurityTests";
			productName = "Space SecurityTests";
			productReference = DE2F116C2538DB6D0067A7B4 /* Space SecurityTests.xctest */;
			productType = "com.apple.product-type.bundle.unit-test";
		};
		DE2F11762538DB6D0067A7B4 /* Space SecurityUITests */ = {
			isa = PBXNativeTarget;
			buildConfigurationList = DE2F11862538DB6D0067A7B4 /* Build configuration list for PBXNativeTarget "Space SecurityUITests" */;
			buildPhases = (
				DE2F11732538DB6D0067A7B4 /* Sources */,
				DE2F11742538DB6D0067A7B4 /* Frameworks */,
				DE2F11752538DB6D0067A7B4 /* Resources */,
			);
			buildRules = (
			);
			dependencies = (
				DE2F11792538DB6D0067A7B4 /* PBXTargetDependency */,
			);
			name = "Space SecurityUITests";
			productName = "Space SecurityUITests";
			productReference = DE2F11772538DB6D0067A7B4 /* Space SecurityUITests.xctest */;
			productType = "com.apple.product-type.bundle.ui-testing";
		};
/* End PBXNativeTarget section */

/* Begin PBXProject section */
		DE2F114E2538DB680067A7B4 /* Project object */ = {
			isa = PBXProject;
			attributes = {
				LastSwiftUpdateCheck = 1200;
				LastUpgradeCheck = 1200;
				TargetAttributes = {
					DE2F11552538DB680067A7B4 = {
						CreatedOnToolsVersion = 12.0.1;
					};
					DE2F116B2538DB6D0067A7B4 = {
						CreatedOnToolsVersion = 12.0.1;
						TestTargetID = DE2F11552538DB680067A7B4;
					};
					DE2F11762538DB6D0067A7B4 = {
						CreatedOnToolsVersion = 12.0.1;
						TestTargetID = DE2F11552538DB680067A7B4;
					};
				};
			};
			buildConfigurationList = DE2F11512538DB680067A7B4 /* Build configuration list for PBXProject "Space Security" */;
			compatibilityVersion = "Xcode 9.3";
			developmentRegion = en;
			hasScannedForEncodings = 0;
			knownRegions = (
				en,
				Base,
			);
			mainGroup = DE2F114D2538DB680067A7B4;
			productRefGroup = DE2F11572538DB680067A7B4 /* Products */;
			projectDirPath = "";
			projectRoot = "";
			targets = (
				DE2F11552538DB680067A7B4 /* Space Security */,
				DE2F116B2538DB6D0067A7B4 /* Space SecurityTests */,
				DE2F11762538DB6D0067A7B4 /* Space SecurityUITests */,
			);
		};
/* End PBXProject section */

/* Begin PBXResourcesBuildPhase section */
		DE2F11542538DB680067A7B4 /* Resources */ = {
			isa = PBXResourcesBuildPhase;
			buildActionMask = 2147483647;
			files = (
				DE2F11662538DB6C0067A7B4 /* LaunchScreen.storyboard in Resources */,
				DEDF1595253EF47400477F7C /* 2ajI3vUKG-Q-2.jpg in Resources */,
				DEDF1586253EB97700477F7C /* History.xib in Resources */,
				DEDF157C253EA58100477F7C /* MyTableViewCell.xib in Resources */,
				DE2F11632538DB6C0067A7B4 /* Assets.xcassets in Resources */,
				DE2F11612538DB680067A7B4 /* Main.storyboard in Resources */,
			);
			runOnlyForDeploymentPostprocessing = 0;
		};
		DE2F116A2538DB6D0067A7B4 /* Resources */ = {
			isa = PBXResourcesBuildPhase;
			buildActionMask = 2147483647;
			files = (
			);
			runOnlyForDeploymentPostprocessing = 0;
		};
		DE2F11752538DB6D0067A7B4 /* Resources */ = {
			isa = PBXResourcesBuildPhase;
			buildActionMask = 2147483647;
			files = (
			);
			runOnlyForDeploymentPostprocessing = 0;
		};
/* End PBXResourcesBuildPhase section */

/* Begin PBXSourcesBuildPhase section */
		DE2F11522538DB680067A7B4 /* Sources */ = {
			isa = PBXSourcesBuildPhase;
			buildActionMask = 2147483647;
			files = (
				DE2F115A2538DB680067A7B4 /* AppDelegate.swift in Sources */,
				DE2F115C2538DB680067A7B4 /* SceneDelegate.swift in Sources */,
				DEDF157B253EA58100477F7C /* MyTableViewCell.swift in Sources */,
				DEDF1542253E628C00477F7C /* connection.swift in Sources */,
				DEDF1590253ECD1E00477F7C /* ViewController.swift in Sources */,
				DEDF158B253EB9AE00477F7C /* HistoryController.swift in Sources */,
				DEDF1585253EB97700477F7C /* History.swift in Sources */,
			);
			runOnlyForDeploymentPostprocessing = 0;
		};
		DE2F11682538DB6D0067A7B4 /* Sources */ = {
			isa = PBXSourcesBuildPhase;
			buildActionMask = 2147483647;
			files = (
				DE2F11712538DB6D0067A7B4 /* Space_SecurityTests.swift in Sources */,
			);
			runOnlyForDeploymentPostprocessing = 0;
		};
		DE2F11732538DB6D0067A7B4 /* Sources */ = {
			isa = PBXSourcesBuildPhase;
			buildActionMask = 2147483647;
			files = (
				DE2F117C2538DB6D0067A7B4 /* Space_SecurityUITests.swift in Sources */,
			);
			runOnlyForDeploymentPostprocessing = 0;
		};
/* End PBXSourcesBuildPhase section */

/* Begin PBXTargetDependency section */
		DE2F116E2538DB6D0067A7B4 /* PBXTargetDependency */ = {
			isa = PBXTargetDependency;
			target = DE2F11552538DB680067A7B4 /* Space Security */;
			targetProxy = DE2F116D2538DB6D0067A7B4 /* PBXContainerItemProxy */;
		};
		DE2F11792538DB6D0067A7B4 /* PBXTargetDependency */ = {
			isa = PBXTargetDependency;
			target = DE2F11552538DB680067A7B4 /* Space Security */;
			targetProxy = DE2F11782538DB6D0067A7B4 /* PBXContainerItemProxy */;
		};
/* End PBXTargetDependency section */

/* Begin PBXVariantGroup section */
		DE2F115F2538DB680067A7B4 /* Main.storyboard */ = {
			isa = PBXVariantGroup;
			children = (
				DE2F11602538DB680067A7B4 /* Base */,
			);
			name = Main.storyboard;
			sourceTree = "<group>";
		};
		DE2F11642538DB6C0067A7B4 /* LaunchScreen.storyboard */ = {
			isa = PBXVariantGroup;
			children = (
				DE2F11652538DB6C0067A7B4 /* Base */,
			);
			name = LaunchScreen.storyboard;
			sourceTree = "<group>";
		};
/* End PBXVariantGroup section */

/* Begin XCBuildConfiguration section */
		DE2F117E2538DB6D0067A7B4 /* Debug */ = {
			isa = XCBuildConfiguration;
			buildSettings = {
				ALWAYS_SEARCH_USER_PATHS = NO;
				CLANG_ANALYZER_NONNULL = YES;
				CLANG_ANALYZER_NUMBER_OBJECT_CONVERSION = YES_AGGRESSIVE;
				CLANG_CXX_LANGUAGE_STANDARD = "gnu++14";
				CLANG_CXX_LIBRARY = "libc++";
				CLANG_ENABLE_MODULES = YES;
				CLANG_ENABLE_OBJC_ARC = YES;
				CLANG_ENABLE_OBJC_WEAK = YES;
				CLANG_WARN_BLOCK_CAPTURE_AUTORELEASING = YES;
				CLANG_WARN_BOOL_CONVERSION = YES;
				CLANG_WARN_COMMA = YES;
				CLANG_WARN_CONSTANT_CONVERSION = YES;
				CLANG_WARN_DEPRECATED_OBJC_IMPLEMENTATIONS = YES;
				CLANG_WARN_DIRECT_OBJC_ISA_USAGE = YES_ERROR;
				CLANG_WARN_DOCUMENTATION_COMMENTS = YES;
				CLANG_WARN_EMPTY_BODY = YES;
				CLANG_WARN_ENUM_CONVERSION = YES;
				CLANG_WARN_INFINITE_RECURSION = YES;
				CLANG_WARN_INT_CONVERSION = YES;
				CLANG_WARN_NON_LITERAL_NULL_CONVERSION = YES;
				CLANG_WARN_OBJC_IMPLICIT_RETAIN_SELF = YES;
				CLANG_WARN_OBJC_LITERAL_CONVERSION = YES;
				CLANG_WARN_OBJC_ROOT_CLASS = YES_ERROR;
				CLANG_WARN_QUOTED_INCLUDE_IN_FRAMEWORK_HEADER = YES;
				CLANG_WARN_RANGE_LOOP_ANALYSIS = YES;
				CLANG_WARN_STRICT_PROTOTYPES = YES;
				CLANG_WARN_SUSPICIOUS_MOVE = YES;
				CLANG_WARN_UNGUARDED_AVAILABILITY = YES_AGGRESSIVE;
				CLANG_WARN_UNREACHABLE_CODE = YES;
				CLANG_WARN__DUPLICATE_METHOD_MATCH = YES;
				COPY_PHASE_STRIP = NO;
				DEBUG_INFORMATION_FORMAT = dwarf;
				ENABLE_STRICT_OBJC_MSGSEND = YES;
				ENABLE_TESTABILITY = YES;
				GCC_C_LANGUAGE_STANDARD = gnu11;
				GCC_DYNAMIC_NO_PIC = NO;
				GCC_NO_COMMON_BLOCKS = YES;
				GCC_OPTIMIZATION_LEVEL = 0;
				GCC_PREPROCESSOR_DEFINITIONS = (
					"DEBUG=1",
					"$(inherited)",
				);
				GCC_WARN_64_TO_32_BIT_CONVERSION = YES;
				GCC_WARN_ABOUT_RETURN_TYPE = YES_ERROR;
				GCC_WARN_UNDECLARED_SELECTOR = YES;
				GCC_WARN_UNINITIALIZED_AUTOS = YES_AGGRESSIVE;
				GCC_WARN_UNUSED_FUNCTION = YES;
				GCC_WARN_UNUSED_VARIABLE = YES;
				IPHONEOS_DEPLOYMENT_TARGET = 14.0;
				MTL_ENABLE_DEBUG_INFO = INCLUDE_SOURCE;
				MTL_FAST_MATH = YES;
				ONLY_ACTIVE_ARCH = YES;
				SDKROOT = iphoneos;
				SWIFT_ACTIVE_COMPILATION_CONDITIONS = DEBUG;
				SWIFT_OPTIMIZATION_LEVEL = "-Onone";
			};
			name = Debug;
		};
		DE2F117F2538DB6D0067A7B4 /* Release */ = {
			isa = XCBuildConfiguration;
			buildSettings = {
				ALWAYS_SEARCH_USER_PATHS = NO;
				CLANG_ANALYZER_NONNULL = YES;
				CLANG_ANALYZER_NUMBER_OBJECT_CONVERSION = YES_AGGRESSIVE;
				CLANG_CXX_LANGUAGE_STANDARD = "gnu++14";
				CLANG_CXX_LIBRARY = "libc++";
				CLANG_ENABLE_MODULES = YES;
				CLANG_ENABLE_OBJC_ARC = YES;
				CLANG_ENABLE_OBJC_WEAK = YES;
				CLANG_WARN_BLOCK_CAPTURE_AUTORELEASING = YES;
				CLANG_WARN_BOOL_CONVERSION = YES;
				CLANG_WARN_COMMA = YES;
				CLANG_WARN_CONSTANT_CONVERSION = YES;
				CLANG_WARN_DEPRECATED_OBJC_IMPLEMENTATIONS = YES;
				CLANG_WARN_DIRECT_OBJC_ISA_USAGE = YES_ERROR;
				CLANG_WARN_DOCUMENTATION_COMMENTS = YES;
				CLANG_WARN_EMPTY_BODY = YES;
				CLANG_WARN_ENUM_CONVERSION = YES;
				CLANG_WARN_INFINITE_RECURSION = YES;
				CLANG_WARN_INT_CONVERSION = YES;
				CLANG_WARN_NON_LITERAL_NULL_CONVERSION = YES;
				CLANG_WARN_OBJC_IMPLICIT_RETAIN_SELF = YES;
				CLANG_WARN_OBJC_LITERAL_CONVERSION = YES;
				CLANG_WARN_OBJC_ROOT_CLASS = YES_ERROR;
				CLANG_WARN_QUOTED_INCLUDE_IN_FRAMEWORK_HEADER = YES;
				CLANG_WARN_RANGE_LOOP_ANALYSIS = YES;
				CLANG_WARN_STRICT_PROTOTYPES = YES;
				CLANG_WARN_SUSPICIOUS_MOVE = YES;
				CLANG_WARN_UNGUARDED_AVAILABILITY = YES_AGGRESSIVE;
				CLANG_WARN_UNREACHABLE_CODE = YES;
				CLANG_WARN__DUPLICATE_METHOD_MATCH = YES;
				COPY_PHASE_STRIP = NO;
				DEBUG_INFORMATION_FORMAT = "dwarf-with-dsym";
				ENABLE_NS_ASSERTIONS = NO;
				ENABLE_STRICT_OBJC_MSGSEND = YES;
				GCC_C_LANGUAGE_STANDARD = gnu11;
				GCC_NO_COMMON_BLOCKS = YES;
				GCC_WARN_64_TO_32_BIT_CONVERSION = YES;
				GCC_WARN_ABOUT_RETURN_TYPE = YES_ERROR;
				GCC_WARN_UNDECLARED_SELECTOR = YES;
				GCC_WARN_UNINITIALIZED_AUTOS = YES_AGGRESSIVE;
				GCC_WARN_UNUSED_FUNCTION = YES;
				GCC_WARN_UNUSED_VARIABLE = YES;
				IPHONEOS_DEPLOYMENT_TARGET = 14.0;
				MTL_ENABLE_DEBUG_INFO = NO;
				MTL_FAST_MATH = YES;
				SDKROOT = iphoneos;
				SWIFT_COMPILATION_MODE = wholemodule;
				SWIFT_OPTIMIZATION_LEVEL = "-O";
				VALIDATE_PRODUCT = YES;
			};
			name = Release;
		};
		DE2F11812538DB6D0067A7B4 /* Debug */ = {
			isa = XCBuildConfiguration;
			buildSettings = {
				ASSETCATALOG_COMPILER_APPICON_NAME = AppIcon;
				ASSETCATALOG_COMPILER_GLOBAL_ACCENT_COLOR_NAME = AccentColor;
				CODE_SIGN_IDENTITY = "Apple Development";
				CODE_SIGN_STYLE = Automatic;
				DEVELOPMENT_TEAM = 4M3FQ6JTA7;
				INFOPLIST_FILE = "Space Security/Info.plist";
				LD_RUNPATH_SEARCH_PATHS = (
					"$(inherited)",
					"@executable_path/Frameworks",
				);
				PRODUCT_BUNDLE_IDENTIFIER = "Stanislav.Space-Security";
				PRODUCT_NAME = "$(TARGET_NAME)";
				PROVISIONING_PROFILE_SPECIFIER = "";
				SWIFT_VERSION = 5.0;
				TARGETED_DEVICE_FAMILY = "1,2";
			};
			name = Debug;
		};
		DE2F11822538DB6D0067A7B4 /* Release */ = {
			isa = XCBuildConfiguration;
			buildSettings = {
				ASSETCATALOG_COMPILER_APPICON_NAME = AppIcon;
				ASSETCATALOG_COMPILER_GLOBAL_ACCENT_COLOR_NAME = AccentColor;
				CODE_SIGN_IDENTITY = "Apple Development";
				CODE_SIGN_STYLE = Automatic;
				DEVELOPMENT_TEAM = 4M3FQ6JTA7;
				INFOPLIST_FILE = "Space Security/Info.plist";
				LD_RUNPATH_SEARCH_PATHS = (
					"$(inherited)",
					"@executable_path/Frameworks",
				);
				PRODUCT_BUNDLE_IDENTIFIER = "Stanislav.Space-Security";
				PRODUCT_NAME = "$(TARGET_NAME)";
				PROVISIONING_PROFILE_SPECIFIER = "";
				SWIFT_VERSION = 5.0;
				TARGETED_DEVICE_FAMILY = "1,2";
			};
			name = Release;
		};
		DE2F11842538DB6D0067A7B4 /* Debug */ = {
			isa = XCBuildConfiguration;
			buildSettings = {
				ALWAYS_EMBED_SWIFT_STANDARD_LIBRARIES = YES;
				BUNDLE_LOADER = "$(TEST_HOST)";
				CODE_SIGN_STYLE = Automatic;
				DEVELOPMENT_TEAM = GPN884GVN4;
				INFOPLIST_FILE = "Space SecurityTests/Info.plist";
				IPHONEOS_DEPLOYMENT_TARGET = 14.0;
				LD_RUNPATH_SEARCH_PATHS = (
					"$(inherited)",
					"@executable_path/Frameworks",
					"@loader_path/Frameworks",
				);
				PRODUCT_BUNDLE_IDENTIFIER = "Stanislav-Danilov.Space-SecurityTests";
				PRODUCT_NAME = "$(TARGET_NAME)";
				SWIFT_VERSION = 5.0;
				TARGETED_DEVICE_FAMILY = "1,2";
				TEST_HOST = "$(BUILT_PRODUCTS_DIR)/Space Security.app/Space Security";
			};
			name = Debug;
		};
		DE2F11852538DB6D0067A7B4 /* Release */ = {
			isa = XCBuildConfiguration;
			buildSettings = {
				ALWAYS_EMBED_SWIFT_STANDARD_LIBRARIES = YES;
				BUNDLE_LOADER = "$(TEST_HOST)";
				CODE_SIGN_STYLE = Automatic;
				DEVELOPMENT_TEAM = GPN884GVN4;
				INFOPLIST_FILE = "Space SecurityTests/Info.plist";
				IPHONEOS_DEPLOYMENT_TARGET = 14.0;
				LD_RUNPATH_SEARCH_PATHS = (
					"$(inherited)",
					"@executable_path/Frameworks",
					"@loader_path/Frameworks",
				);
				PRODUCT_BUNDLE_IDENTIFIER = "Stanislav-Danilov.Space-SecurityTests";
				PRODUCT_NAME = "$(TARGET_NAME)";
				SWIFT_VERSION = 5.0;
				TARGETED_DEVICE_FAMILY = "1,2";
				TEST_HOST = "$(BUILT_PRODUCTS_DIR)/Space Security.app/Space Security";
			};
			name = Release;
		};
		DE2F11872538DB6D0067A7B4 /* Debug */ = {
			isa = XCBuildConfiguration;
			buildSettings = {
				ALWAYS_EMBED_SWIFT_STANDARD_LIBRARIES = YES;
				CODE_SIGN_STYLE = Automatic;
				DEVELOPMENT_TEAM = GPN884GVN4;
				INFOPLIST_FILE = "Space SecurityUITests/Info.plist";
				LD_RUNPATH_SEARCH_PATHS = (
					"$(inherited)",
					"@executable_path/Frameworks",
					"@loader_path/Frameworks",
				);
				PRODUCT_BUNDLE_IDENTIFIER = "Stanislav-Danilov.Space-SecurityUITests";
				PRODUCT_NAME = "$(TARGET_NAME)";
				SWIFT_VERSION = 5.0;
				TARGETED_DEVICE_FAMILY = "1,2";
				TEST_TARGET_NAME = "Space Security";
			};
			name = Debug;
		};
		DE2F11882538DB6D0067A7B4 /* Release */ = {
			isa = XCBuildConfiguration;
			buildSettings = {
				ALWAYS_EMBED_SWIFT_STANDARD_LIBRARIES = YES;
				CODE_SIGN_STYLE = Automatic;
				DEVELOPMENT_TEAM = GPN884GVN4;
				INFOPLIST_FILE = "Space SecurityUITests/Info.plist";
				LD_RUNPATH_SEARCH_PATHS = (
					"$(inherited)",
					"@executable_path/Frameworks",
					"@loader_path/Frameworks",
				);
				PRODUCT_BUNDLE_IDENTIFIER = "Stanislav-Danilov.Space-SecurityUITests";
				PRODUCT_NAME = "$(TARGET_NAME)";
				SWIFT_VERSION = 5.0;
				TARGETED_DEVICE_FAMILY = "1,2";
				TEST_TARGET_NAME = "Space Security";
			};
			name = Release;
		};
/* End XCBuildConfiguration section */

/* Begin XCConfigurationList section */
		DE2F11512538DB680067A7B4 /* Build configuration list for PBXProject "Space Security" */ = {
			isa = XCConfigurationList;
			buildConfigurations = (
				DE2F117E2538DB6D0067A7B4 /* Debug */,
				DE2F117F2538DB6D0067A7B4 /* Release */,
			);
			defaultConfigurationIsVisible = 0;
			defaultConfigurationName = Release;
		};
		DE2F11802538DB6D0067A7B4 /* Build configuration list for PBXNativeTarget "Space Security" */ = {
			isa = XCConfigurationList;
			buildConfigurations = (
				DE2F11812538DB6D0067A7B4 /* Debug */,
				DE2F11822538DB6D0067A7B4 /* Release */,
			);
			defaultConfigurationIsVisible = 0;
			defaultConfigurationName = Release;
		};
		DE2F11832538DB6D0067A7B4 /* Build configuration list for PBXNativeTarget "Space SecurityTests" */ = {
			isa = XCConfigurationList;
			buildConfigurations = (
				DE2F11842538DB6D0067A7B4 /* Debug */,
				DE2F11852538DB6D0067A7B4 /* Release */,
			);
			defaultConfigurationIsVisible = 0;
			defaultConfigurationName = Release;
		};
		DE2F11862538DB6D0067A7B4 /* Build configuration list for PBXNativeTarget "Space SecurityUITests" */ = {
			isa = XCConfigurationList;
			buildConfigurations = (
				DE2F11872538DB6D0067A7B4 /* Debug */,
				DE2F11882538DB6D0067A7B4 /* Release */,
			);
			defaultConfigurationIsVisible = 0;
			defaultConfigurationName = Release;
		};
/* End XCConfigurationList section */
	};
	rootObject = DE2F114E2538DB680067A7B4 /* Project object */;
}
